
Microsoft Visual Studio Solution File, Format Version 12.00
# Visual Studio Version 16
VisualStudioVersion = 16.0.30320.27
MinimumVisualStudioVersion = 10.0.40219.1
Project("{2150E333-8FDC-42A3-9474-1A3956D46DE8}") = "1 - UI", "1 - UI", "{D15B348A-DC0A-40BB-AECA-7BAA72F420A0}"
EndProject
Project("{2150E333-8FDC-42A3-9474-1A3956D46DE8}") = "2 - Domain", "2 - Domain", "{A8140AAF-33A4-40E2-B7B7-4347B73293FD}"
EndProject
Project("{2150E333-8FDC-42A3-9474-1A3956D46DE8}") = "3 - Infra", "3 - Infra", "{61C5A43C-F4ED-489F-927D-24FB37F3F290}"
EndProject
Project("{9A19103F-16F7-4668-BE54-9A1E7A4F7556}") = "SmartC.ApplicationCore", "src\SmartC.ApplicationCore\SmartC.ApplicationCore.csproj", "{9036DA38-0BC1-448A-A8BF-A8E994EE4537}"
EndProject
Project("{9A19103F-16F7-4668-BE54-9A1E7A4F7556}") = "SmartC.Infrastructure", "src\SmartC.Infrastructure\SmartC.Infrastructure.csproj", "{D9B639FD-3C33-4FE3-A92B-226CC1914021}"
EndProject
Project("{9A19103F-16F7-4668-BE54-9A1E7A4F7556}") = "SmartC.UI.Web", "src\SmartC.UI.Web\SmartC.UI.Web.csproj", "{5BA06B1A-64E2-4504-BCD7-656A5682A38D}"
EndProject
Global
	GlobalSection(SolutionConfigurationPlatforms) = preSolution
		Debug|Any CPU = Debug|Any CPU
		Release|Any CPU = Release|Any CPU
	EndGlobalSection
	GlobalSection(ProjectConfigurationPlatforms) = postSolution
		{9036DA38-0BC1-448A-A8BF-A8E994EE4537}.Debug|Any CPU.ActiveCfg = Debug|Any CPU
		{9036DA38-0BC1-448A-A8BF-A8E994EE4537}.Debug|Any CPU.Build.0 = Debug|Any CPU
		{9036DA38-0BC1-448A-A8BF-A8E994EE4537}.Release|Any CPU.ActiveCfg = Release|Any CPU
		{9036DA38-0BC1-448A-A8BF-A8E994EE4537}.Release|Any CPU.Build.0 = Release|Any CPU
		{D9B639FD-3C33-4FE3-A92B-226CC1914021}.Debug|Any CPU.ActiveCfg = Debug|Any CPU
		{D9B639FD-3C33-4FE3-A92B-226CC1914021}.Debug|Any CPU.Build.0 = Debug|Any CPU
		{D9B639FD-3C33-4FE3-A92B-226CC1914021}.Release|Any CPU.ActiveCfg = Release|Any CPU
		{D9B639FD-3C33-4FE3-A92B-226CC1914021}.Release|Any CPU.Build.0 = Release|Any CPU
		{5BA06B1A-64E2-4504-BCD7-656A5682A38D}.Debug|Any CPU.ActiveCfg = Debug|Any CPU
		{5BA06B1A-64E2-4504-BCD7-656A5682A38D}.Debug|Any CPU.Build.0 = Debug|Any CPU
		{5BA06B1A-64E2-4504-BCD7-656A5682A38D}.Release|Any CPU.ActiveCfg = Release|Any CPU
		{5BA06B1A-64E2-4504-BCD7-656A5682A38D}.Release|Any CPU.Build.0 = Release|Any CPU
	EndGlobalSection
	GlobalSection(SolutionProperties) = preSolution
		HideSolutionNode = FALSE
	EndGlobalSection
	GlobalSection(NestedProjects) = preSolution
		{9036DA38-0BC1-448A-A8BF-A8E994EE4537} = {A8140AAF-33A4-40E2-B7B7-4347B73293FD}
		{D9B639FD-3C33-4FE3-A92B-226CC1914021} = {61C5A43C-F4ED-489F-927D-24FB37F3F290}
		{5BA06B1A-64E2-4504-BCD7-656A5682A38D} = {D15B348A-DC0A-40BB-AECA-7BAA72F420A0}
	EndGlobalSection
	GlobalSection(ExtensibilityGlobals) = postSolution
		SolutionGuid = {D279B1D7-0094-48BC-AF88-67893CB3FC04}
	EndGlobalSection
EndGlobal
