
Microsoft Visual Studio Solution File, Format Version 12.00
# Visual Studio Version 16
VisualStudioVersion = 16.0.30320.27
MinimumVisualStudioVersion = 10.0.40219.1
Project("{2150E333-8FDC-42A3-9474-1A3956D46DE8}") = "ApplicationCore", "ApplicationCore", "{49B05C6B-B74D-4864-B248-43447DE18082}"
EndProject
Project("{2150E333-8FDC-42A3-9474-1A3956D46DE8}") = "Infra", "Infra", "{F8760C87-31F6-4655-9068-441144517541}"
EndProject
Project("{2150E333-8FDC-42A3-9474-1A3956D46DE8}") = "IoC", "IoC", "{234E6580-8AD6-4404-ADBB-4DE96724C1E3}"
EndProject
Project("{2150E333-8FDC-42A3-9474-1A3956D46DE8}") = "UI", "UI", "{3A1FE21E-BF95-4480-9FC0-10E8AC18F32F}"
EndProject
Project("{FAE04EC0-301F-11D3-BF4B-00C04F79EFBC}") = "SmartC.ApplicationCore", "src\SmartC.ApplicationCore\SmartC.ApplicationCore.csproj", "{8EE4ED30-00A1-4274-8C61-FBBF446EF7BC}"
EndProject
Project("{FAE04EC0-301F-11D3-BF4B-00C04F79EFBC}") = "SmartC.Infrastructure", "src\SmartC.Infrastructure\SmartC.Infrastructure.csproj", "{27A173C8-CEB4-40D1-AED9-DB58F70E63D1}"
EndProject
Project("{FAE04EC0-301F-11D3-BF4B-00C04F79EFBC}") = "SmartC.IoC", "src\SmartC.IoC\SmartC.IoC.csproj", "{AA1815C1-AA65-48A3-8538-A719D48D1DAD}"
EndProject
Project("{FAE04EC0-301F-11D3-BF4B-00C04F79EFBC}") = "SmartC.UI.Web", "src\SmartC.UI.Web\SmartC.UI.Web.csproj", "{53CFF378-2EC6-406B-A45D-B063823C1011}"
EndProject
Global
	GlobalSection(SolutionConfigurationPlatforms) = preSolution
		Debug|Any CPU = Debug|Any CPU
		Release|Any CPU = Release|Any CPU
	EndGlobalSection
	GlobalSection(ProjectConfigurationPlatforms) = postSolution
		{8EE4ED30-00A1-4274-8C61-FBBF446EF7BC}.Debug|Any CPU.ActiveCfg = Debug|Any CPU
		{8EE4ED30-00A1-4274-8C61-FBBF446EF7BC}.Debug|Any CPU.Build.0 = Debug|Any CPU
		{8EE4ED30-00A1-4274-8C61-FBBF446EF7BC}.Release|Any CPU.ActiveCfg = Release|Any CPU
		{8EE4ED30-00A1-4274-8C61-FBBF446EF7BC}.Release|Any CPU.Build.0 = Release|Any CPU
		{27A173C8-CEB4-40D1-AED9-DB58F70E63D1}.Debug|Any CPU.ActiveCfg = Debug|Any CPU
		{27A173C8-CEB4-40D1-AED9-DB58F70E63D1}.Debug|Any CPU.Build.0 = Debug|Any CPU
		{27A173C8-CEB4-40D1-AED9-DB58F70E63D1}.Release|Any CPU.ActiveCfg = Release|Any CPU
		{27A173C8-CEB4-40D1-AED9-DB58F70E63D1}.Release|Any CPU.Build.0 = Release|Any CPU
		{AA1815C1-AA65-48A3-8538-A719D48D1DAD}.Debug|Any CPU.ActiveCfg = Debug|Any CPU
		{AA1815C1-AA65-48A3-8538-A719D48D1DAD}.Debug|Any CPU.Build.0 = Debug|Any CPU
		{AA1815C1-AA65-48A3-8538-A719D48D1DAD}.Release|Any CPU.ActiveCfg = Release|Any CPU
		{AA1815C1-AA65-48A3-8538-A719D48D1DAD}.Release|Any CPU.Build.0 = Release|Any CPU
		{53CFF378-2EC6-406B-A45D-B063823C1011}.Debug|Any CPU.ActiveCfg = Debug|Any CPU
		{53CFF378-2EC6-406B-A45D-B063823C1011}.Debug|Any CPU.Build.0 = Debug|Any CPU
		{53CFF378-2EC6-406B-A45D-B063823C1011}.Release|Any CPU.ActiveCfg = Release|Any CPU
		{53CFF378-2EC6-406B-A45D-B063823C1011}.Release|Any CPU.Build.0 = Release|Any CPU
	EndGlobalSection
	GlobalSection(SolutionProperties) = preSolution
		HideSolutionNode = FALSE
	EndGlobalSection
	GlobalSection(NestedProjects) = preSolution
		{8EE4ED30-00A1-4274-8C61-FBBF446EF7BC} = {49B05C6B-B74D-4864-B248-43447DE18082}
		{27A173C8-CEB4-40D1-AED9-DB58F70E63D1} = {F8760C87-31F6-4655-9068-441144517541}
		{AA1815C1-AA65-48A3-8538-A719D48D1DAD} = {234E6580-8AD6-4404-ADBB-4DE96724C1E3}
		{53CFF378-2EC6-406B-A45D-B063823C1011} = {3A1FE21E-BF95-4480-9FC0-10E8AC18F32F}
	EndGlobalSection
	GlobalSection(ExtensibilityGlobals) = postSolution
		SolutionGuid = {0550DEE2-DE1B-44CE-8153-F4B05E110C81}
	EndGlobalSection
EndGlobal
